{
    "_readme": [
        "This file locks the dependencies of your project to a known state",
        "Read more about it at https://getcomposer.org/doc/01-basic-usage.md#installing-dependencies",
        "This file is @generated automatically"
    ],
    "content-hash": "2ebab609d1796332b47e1eed2b96848d",
    "packages": [
        {
            "name": "michelf/php-markdown",
            "version": "1.8.0",
            "source": {
                "type": "git",
                "url": "https://github.com/michelf/php-markdown.git",
                "reference": "01ab082b355bf188d907b9929cd99b2923053495"
            },
            "dist": {
                "type": "zip",
                "url": "https://api.github.com/repos/michelf/php-markdown/zipball/01ab082b355bf188d907b9929cd99b2923053495",
                "reference": "01ab082b355bf188d907b9929cd99b2923053495",
                "shasum": ""
            },
            "require": {
                "php": ">=5.3.0"
            },
            "type": "library",
            "autoload": {
                "psr-4": {
                    "Michelf\\": "Michelf/"
                }
            },
            "notification-url": "https://packagist.org/downloads/",
            "license": [
                "BSD-3-Clause"
            ],
            "authors": [
                {
                    "name": "Michel Fortin",
                    "email": "michel.fortin@michelf.ca",
                    "homepage": "https://michelf.ca/",
                    "role": "Developer"
                },
                {
                    "name": "John Gruber",
                    "homepage": "https://daringfireball.net/"
                }
            ],
            "description": "PHP Markdown",
            "homepage": "https://michelf.ca/projects/php-markdown/",
            "keywords": [
                "markdown"
            ],
            "time": "2018-01-15T00:49:33+00:00"
        },
        {
            "name": "mintyphp/core",
            "version": "v2.1.1",
            "source": {
                "type": "git",
                "url": "https://github.com/mintyphp/core.git",
                "reference": "3950e0f06fbad4144eb0bf2cc4daacc54e49daf8"
            },
            "dist": {
                "type": "zip",
                "url": "https://api.github.com/repos/mintyphp/core/zipball/3950e0f06fbad4144eb0bf2cc4daacc54e49daf8",
                "reference": "3950e0f06fbad4144eb0bf2cc4daacc54e49daf8",
                "shasum": ""
            },
            "require": {
                "ext-memcache": "*",
                "ext-mysqli": "*",
                "php": ">=5.3.0"
            },
            "type": "library",
            "notification-url": "https://packagist.org/downloads/",
            "license": [
                "MIT"
            ],
            "authors": [
                {
                    "name": "Maurits van der Schee",
                    "email": "maurits@vdschee.nl",
                    "homepage": "https://www.tqdev.com"
                }
            ],
            "time": "2019-01-25T16:42:24+00:00"
        }
    ],
    "packages-dev": [
        {
            "name": "mintyphp/debugger",
            "version": "v2.0.3",
            "source": {
                "type": "git",
                "url": "https://github.com/mintyphp/debugger.git",
                "reference": "64cafc85cf757dbe863cf545dff77163abdb3cbe"
            },
            "dist": {
                "type": "zip",
                "url": "https://api.github.com/repos/mintyphp/debugger/zipball/64cafc85cf757dbe863cf545dff77163abdb3cbe",
                "reference": "64cafc85cf757dbe863cf545dff77163abdb3cbe",
                "shasum": ""
            },
            "require": {
                "php": ">=5.3.0"
            },
            "type": "library",
            "notification-url": "https://packagist.org/downloads/",
            "license": [
                "MIT"
            ],
            "authors": [
                {
                    "name": "Maurits van der Schee",
                    "email": "maurits@vdschee.nl",
                    "homepage": "https://www.tqdev.com"
                }
            ],
            "time": "2018-11-04T00:39:20+00:00"
        },
        {
            "name": "mintyphp/tools",
            "version": "v2.0.1",
            "source": {
                "type": "git",
                "url": "https://github.com/mintyphp/tools.git",
                "reference": "e2ecbc9d5b7aaabf46b8d2473445535defc47696"
            },
            "dist": {
                "type": "zip",
                "url": "https://api.github.com/repos/mintyphp/tools/zipball/e2ecbc9d5b7aaabf46b8d2473445535defc47696",
                "reference": "e2ecbc9d5b7aaabf46b8d2473445535defc47696",
                "shasum": ""
            },
            "require": {
                "php": ">=5.3.0"
            },
            "type": "library",
            "notification-url": "https://packagist.org/downloads/",
            "license": [
                "MIT"
            ],
            "authors": [
                {
                    "name": "Maurits van der Schee",
                    "email": "maurits@vdschee.nl",
                    "homepage": "https://www.tqdev.com"
                }
            ],
            "time": "2019-01-09T22:17:29+00:00"
        }
    ],
    "aliases": [],
    "minimum-stability": "stable",
    "stability-flags": [],
    "prefer-stable": false,
    "prefer-lowest": false,
    "platform": [],
    "platform-dev": []
}
